
Microsoft Visual Studio Solution File, Format Version 12.00
# Visual Studio Version 16
VisualStudioVersion = 16.0.31515.178
MinimumVisualStudioVersion = 10.0.40219.1
Project("{8BC9CEB8-8B4A-11D0-8D11-00A0C91BC942}") = "Лабораторная 1_4сем__Рождественский_1302", "Лабораторная 1_4сем__Рождественский_1302.vcxproj", "{8EBCE1A8-423E-44B8-AB56-8066FAB88DA7}"
EndProject
Global
	GlobalSection(SolutionConfigurationPlatforms) = preSolution
		Debug|x64 = Debug|x64
		Debug|x86 = Debug|x86
		Release|x64 = Release|x64
		Release|x86 = Release|x86
	EndGlobalSection
	GlobalSection(ProjectConfigurationPlatforms) = postSolution
		{8EBCE1A8-423E-44B8-AB56-8066FAB88DA7}.Debug|x64.ActiveCfg = Debug|x64
		{8EBCE1A8-423E-44B8-AB56-8066FAB88DA7}.Debug|x64.Build.0 = Debug|x64
		{8EBCE1A8-423E-44B8-AB56-8066FAB88DA7}.Debug|x86.ActiveCfg = Debug|Win32
		{8EBCE1A8-423E-44B8-AB56-8066FAB88DA7}.Debug|x86.Build.0 = Debug|Win32
		{8EBCE1A8-423E-44B8-AB56-8066FAB88DA7}.Release|x64.ActiveCfg = Release|x64
		{8EBCE1A8-423E-44B8-AB56-8066FAB88DA7}.Release|x64.Build.0 = Release|x64
		{8EBCE1A8-423E-44B8-AB56-8066FAB88DA7}.Release|x86.ActiveCfg = Release|Win32
		{8EBCE1A8-423E-44B8-AB56-8066FAB88DA7}.Release|x86.Build.0 = Release|Win32
	EndGlobalSection
	GlobalSection(SolutionProperties) = preSolution
		HideSolutionNode = FALSE
	EndGlobalSection
	GlobalSection(ExtensibilityGlobals) = postSolution
		SolutionGuid = {D07093CB-36C9-4A53-8A1D-0180AB2C1B1B}
	EndGlobalSection
EndGlobal
